// !$*UTF8*$!
{
	archiveVersion = 1;
	classes = {
	};
	objectVersion = 46;
	objects = {

/* Begin PBXBuildFile section */
		1C05FD4D137A098A0035104F /* UIKit.framework in Frameworks */ = {isa = PBXBuildFile; fileRef = 1C05FD4C137A098A0035104F /* UIKit.framework */; };
		1C05FD4F137A098A0035104F /* Foundation.framework in Frameworks */ = {isa = PBXBuildFile; fileRef = 1C05FD4E137A098A0035104F /* Foundation.framework */; };
		1C05FD51137A098A0035104F /* CoreGraphics.framework in Frameworks */ = {isa = PBXBuildFile; fileRef = 1C05FD50137A098A0035104F /* CoreGraphics.framework */; };
		1C05FD57137A098A0035104F /* InfoPlist.strings in Resources */ = {isa = PBXBuildFile; fileRef = 1C05FD55137A098A0035104F /* InfoPlist.strings */; };
		1C05FD5A137A098A0035104F /* main.m in Sources */ = {isa = PBXBuildFile; fileRef = 1C05FD59137A098A0035104F /* main.m */; };
		1C05FD5D137A098A0035104F /* VertProtAppDelegate.m in Sources */ = {isa = PBXBuildFile; fileRef = 1C05FD5C137A098A0035104F /* VertProtAppDelegate.m */; };
		1C05FD60137A098A0035104F /* MainWindow.xib in Resources */ = {isa = PBXBuildFile; fileRef = 1C05FD5E137A098A0035104F /* MainWindow.xib */; };
		1C05FD66137A098A0035104F /* SecondViewController.m in Sources */ = {isa = PBXBuildFile; fileRef = 1C05FD65137A098A0035104F /* SecondViewController.m */; };
		1C05FD69137A098A0035104F /* FirstView.xib in Resources */ = {isa = PBXBuildFile; fileRef = 1C05FD67137A098A0035104F /* FirstView.xib */; };
		1C05FD6C137A098A0035104F /* SecondView.xib in Resources */ = {isa = PBXBuildFile; fileRef = 1C05FD6A137A098A0035104F /* SecondView.xib */; };
		1C6A244F137DE863007667CC /* FirstViewController.m in Sources */ = {isa = PBXBuildFile; fileRef = 1C6A244E137DE862007667CC /* FirstViewController.m */; };
		1C70E44E137A240D008FE193 /* Entity.m in Sources */ = {isa = PBXBuildFile; fileRef = 1C70E44D137A240D008FE193 /* Entity.m */; };
		1C70E459137A26C9008FE193 /* Shape.m in Sources */ = {isa = PBXBuildFile; fileRef = 1C70E458137A26C9008FE193 /* Shape.m */; };
		1C70E45C137A274B008FE193 /* CellView.m in Sources */ = {isa = PBXBuildFile; fileRef = 1C70E45B137A274B008FE193 /* CellView.m */; };
		1C70E45F137A2A41008FE193 /* World.m in Sources */ = {isa = PBXBuildFile; fileRef = 1C70E45E137A2A41008FE193 /* World.m */; };
		1C7F96B0137DEF780086A2D4 /* MemoryHound.m in Sources */ = {isa = PBXBuildFile; fileRef = 1C7F96AF137DEF780086A2D4 /* MemoryHound.m */; };
		1C8D75F0137B58A900D83DF2 /* Camera.m in Sources */ = {isa = PBXBuildFile; fileRef = 1C8D75EF137B58A900D83DF2 /* Camera.m */; };
		1C8D75F4137B5F2700D83DF2 /* GameViewController.m in Sources */ = {isa = PBXBuildFile; fileRef = 1C8D75F3137B5F2700D83DF2 /* GameViewController.m */; };
		1C968126137B912800BA8C81 /* CoreMotion.framework in Frameworks */ = {isa = PBXBuildFile; fileRef = 1C968125137B912800BA8C81 /* CoreMotion.framework */; };
		1CB18F7A137CA0CC0090CE04 /* QuartzCore.framework in Frameworks */ = {isa = PBXBuildFile; fileRef = 1CB18F79137CA0CC0090CE04 /* QuartzCore.framework */; };
/* End PBXBuildFile section */

/* Begin PBXFileReference section */
		1C05FD48137A098A0035104F /* VertProt.app */ = {isa = PBXFileReference; explicitFileType = wrapper.application; includeInIndex = 0; path = VertProt.app; sourceTree = BUILT_PRODUCTS_DIR; };
		1C05FD4C137A098A0035104F /* UIKit.framework */ = {isa = PBXFileReference; lastKnownFileType = wrapper.framework; name = UIKit.framework; path = System/Library/Frameworks/UIKit.framework; sourceTree = SDKROOT; };
		1C05FD4E137A098A0035104F /* Foundation.framework */ = {isa = PBXFileReference; lastKnownFileType = wrapper.framework; name = Foundation.framework; path = System/Library/Frameworks/Foundation.framework; sourceTree = SDKROOT; };
		1C05FD50137A098A0035104F /* CoreGraphics.framework */ = {isa = PBXFileReference; lastKnownFileType = wrapper.framework; name = CoreGraphics.framework; path = System/Library/Frameworks/CoreGraphics.framework; sourceTree = SDKROOT; };
		1C05FD54137A098A0035104F /* VertProt-Info.plist */ = {isa = PBXFileReference; lastKnownFileType = text.plist.xml; path = "VertProt-Info.plist"; sourceTree = "<group>"; };
		1C05FD56137A098A0035104F /* en */ = {isa = PBXFileReference; lastKnownFileType = text.plist.strings; name = en; path = en.lproj/InfoPlist.strings; sourceTree = "<group>"; };
		1C05FD58137A098A0035104F /* VertProt-Prefix.pch */ = {isa = PBXFileReference; lastKnownFileType = sourcecode.c.h; path = "VertProt-Prefix.pch"; sourceTree = "<group>"; };
		1C05FD59137A098A0035104F /* main.m */ = {isa = PBXFileReference; lastKnownFileType = sourcecode.c.objc; path = main.m; sourceTree = "<group>"; };
		1C05FD5B137A098A0035104F /* VertProtAppDelegate.h */ = {isa = PBXFileReference; lastKnownFileType = sourcecode.c.h; path = VertProtAppDelegate.h; sourceTree = "<group>"; };
		1C05FD5C137A098A0035104F /* VertProtAppDelegate.m */ = {isa = PBXFileReference; lastKnownFileType = sourcecode.c.objc; path = VertProtAppDelegate.m; sourceTree = "<group>"; };
		1C05FD5F137A098A0035104F /* en */ = {isa = PBXFileReference; lastKnownFileType = file.xib; name = en; path = en.lproj/MainWindow.xib; sourceTree = "<group>"; };
		1C05FD61137A098A0035104F /* FirstViewController.h */ = {isa = PBXFileReference; lastKnownFileType = sourcecode.c.h; path = FirstViewController.h; sourceTree = "<group>"; };
		1C05FD64137A098A0035104F /* SecondViewController.h */ = {isa = PBXFileReference; lastKnownFileType = sourcecode.c.h; path = SecondViewController.h; sourceTree = "<group>"; };
		1C05FD65137A098A0035104F /* SecondViewController.m */ = {isa = PBXFileReference; lastKnownFileType = sourcecode.c.objc; path = SecondViewController.m; sourceTree = "<group>"; };
		1C05FD68137A098A0035104F /* en */ = {isa = PBXFileReference; lastKnownFileType = file.xib; name = en; path = en.lproj/FirstView.xib; sourceTree = "<group>"; };
		1C05FD6B137A098A0035104F /* en */ = {isa = PBXFileReference; lastKnownFileType = file.xib; name = en; path = en.lproj/SecondView.xib; sourceTree = "<group>"; };
		1C6A244E137DE862007667CC /* FirstViewController.m */ = {isa = PBXFileReference; fileEncoding = 4; lastKnownFileType = sourcecode.c.objc; path = FirstViewController.m; sourceTree = "<group>"; };
		1C70E44C137A240D008FE193 /* Entity.h */ = {isa = PBXFileReference; fileEncoding = 4; lastKnownFileType = sourcecode.c.h; path = Entity.h; sourceTree = "<group>"; };
		1C70E44D137A240D008FE193 /* Entity.m */ = {isa = PBXFileReference; fileEncoding = 4; lastKnownFileType = sourcecode.c.objc; path = Entity.m; sourceTree = "<group>"; };
		1C70E457137A26C9008FE193 /* Shape.h */ = {isa = PBXFileReference; fileEncoding = 4; lastKnownFileType = sourcecode.c.h; path = Shape.h; sourceTree = "<group>"; };
		1C70E458137A26C9008FE193 /* Shape.m */ = {isa = PBXFileReference; fileEncoding = 4; lastKnownFileType = sourcecode.c.objc; path = Shape.m; sourceTree = "<group>"; };
		1C70E45A137A274B008FE193 /* CellView.h */ = {isa = PBXFileReference; fileEncoding = 4; lastKnownFileType = sourcecode.c.h; name = CellView.h; path = ../CellView.h; sourceTree = "<group>"; };
		1C70E45B137A274B008FE193 /* CellView.m */ = {isa = PBXFileReference; fileEncoding = 4; lastKnownFileType = sourcecode.c.objc; name = CellView.m; path = ../CellView.m; sourceTree = "<group>"; };
		1C70E45D137A2A40008FE193 /* World.h */ = {isa = PBXFileReference; fileEncoding = 4; lastKnownFileType = sourcecode.c.h; path = World.h; sourceTree = "<group>"; };
		1C70E45E137A2A41008FE193 /* World.m */ = {isa = PBXFileReference; fileEncoding = 4; lastKnownFileType = sourcecode.c.objc; path = World.m; sourceTree = "<group>"; };
		1C7F96AE137DEF780086A2D4 /* MemoryHound.h */ = {isa = PBXFileReference; fileEncoding = 4; lastKnownFileType = sourcecode.c.h; name = MemoryHound.h; path = ../../UglyCFTetris/UglyCFTetris/MemoryHound.h; sourceTree = "<group>"; };
		1C7F96AF137DEF780086A2D4 /* MemoryHound.m */ = {isa = PBXFileReference; fileEncoding = 4; lastKnownFileType = sourcecode.c.objc; name = MemoryHound.m; path = ../../UglyCFTetris/UglyCFTetris/MemoryHound.m; sourceTree = "<group>"; };
		1C8D75EE137B58A900D83DF2 /* Camera.h */ = {isa = PBXFileReference; fileEncoding = 4; lastKnownFileType = sourcecode.c.h; path = Camera.h; sourceTree = "<group>"; };
		1C8D75EF137B58A900D83DF2 /* Camera.m */ = {isa = PBXFileReference; fileEncoding = 4; lastKnownFileType = sourcecode.c.objc; path = Camera.m; sourceTree = "<group>"; };
		1C8D75F2137B5F2700D83DF2 /* GameViewController.h */ = {isa = PBXFileReference; fileEncoding = 4; lastKnownFileType = sourcecode.c.h; path = GameViewController.h; sourceTree = "<group>"; };
		1C8D75F3137B5F2700D83DF2 /* GameViewController.m */ = {isa = PBXFileReference; fileEncoding = 4; lastKnownFileType = sourcecode.c.objc; path = GameViewController.m; sourceTree = "<group>"; };
		1C968125137B912800BA8C81 /* CoreMotion.framework */ = {isa = PBXFileReference; lastKnownFileType = wrapper.framework; name = CoreMotion.framework; path = System/Library/Frameworks/CoreMotion.framework; sourceTree = SDKROOT; };
		1CB18F79137CA0CC0090CE04 /* QuartzCore.framework */ = {isa = PBXFileReference; lastKnownFileType = wrapper.framework; name = QuartzCore.framework; path = System/Library/Frameworks/QuartzCore.framework; sourceTree = SDKROOT; };
/* End PBXFileReference section */

/* Begin PBXFrameworksBuildPhase section */
		1C05FD45137A09890035104F /* Frameworks */ = {
			isa = PBXFrameworksBuildPhase;
			buildActionMask = 2147483647;
			files = (
				1CB18F7A137CA0CC0090CE04 /* QuartzCore.framework in Frameworks */,
				1C968126137B912800BA8C81 /* CoreMotion.framework in Frameworks */,
				1C05FD4D137A098A0035104F /* UIKit.framework in Frameworks */,
				1C05FD4F137A098A0035104F /* Foundation.framework in Frameworks */,
				1C05FD51137A098A0035104F /* CoreGraphics.framework in Frameworks */,
			);
			runOnlyForDeploymentPostprocessing = 0;
		};
/* End PBXFrameworksBuildPhase section */

/* Begin PBXGroup section */
		1C05FD3D137A09890035104F = {
			isa = PBXGroup;
			children = (
				1C05FD52137A098A0035104F /* VertProt */,
				1C05FD4B137A098A0035104F /* Frameworks */,
				1C05FD49137A098A0035104F /* Products */,
			);
			sourceTree = "<group>";
		};
		1C05FD49137A098A0035104F /* Products */ = {
			isa = PBXGroup;
			children = (
				1C05FD48137A098A0035104F /* VertProt.app */,
			);
			name = Products;
			sourceTree = "<group>";
		};
		1C05FD4B137A098A0035104F /* Frameworks */ = {
			isa = PBXGroup;
			children = (
				1C968125137B912800BA8C81 /* CoreMotion.framework */,
				1CB18F79137CA0CC0090CE04 /* QuartzCore.framework */,
				1C05FD4C137A098A0035104F /* UIKit.framework */,
				1C05FD4E137A098A0035104F /* Foundation.framework */,
				1C05FD50137A098A0035104F /* CoreGraphics.framework */,
			);
			name = Frameworks;
			sourceTree = "<group>";
		};
		1C05FD52137A098A0035104F /* VertProt */ = {
			isa = PBXGroup;
			children = (
				1C7F96AE137DEF780086A2D4 /* MemoryHound.h */,
				1C7F96AF137DEF780086A2D4 /* MemoryHound.m */,
				1C05FD5B137A098A0035104F /* VertProtAppDelegate.h */,
				1C05FD5C137A098A0035104F /* VertProtAppDelegate.m */,
				1C05FD5E137A098A0035104F /* MainWindow.xib */,
				1C05FD61137A098A0035104F /* FirstViewController.h */,
				1C6A244E137DE862007667CC /* FirstViewController.m */,
				1C05FD64137A098A0035104F /* SecondViewController.h */,
				1C05FD65137A098A0035104F /* SecondViewController.m */,
				1C05FD67137A098A0035104F /* FirstView.xib */,
				1C05FD6A137A098A0035104F /* SecondView.xib */,
				1C05FD53137A098A0035104F /* Supporting Files */,
				1C70E44C137A240D008FE193 /* Entity.h */,
				1C70E44D137A240D008FE193 /* Entity.m */,
				1C70E457137A26C9008FE193 /* Shape.h */,
				1C70E458137A26C9008FE193 /* Shape.m */,
				1C70E45A137A274B008FE193 /* CellView.h */,
				1C70E45B137A274B008FE193 /* CellView.m */,
				1C70E45D137A2A40008FE193 /* World.h */,
				1C70E45E137A2A41008FE193 /* World.m */,
				1C8D75EE137B58A900D83DF2 /* Camera.h */,
				1C8D75EF137B58A900D83DF2 /* Camera.m */,
				1C8D75F2137B5F2700D83DF2 /* GameViewController.h */,
				1C8D75F3137B5F2700D83DF2 /* GameViewController.m */,
			);
			path = VertProt;
			sourceTree = "<group>";
		};
		1C05FD53137A098A0035104F /* Supporting Files */ = {
			isa = PBXGroup;
			children = (
				1C05FD54137A098A0035104F /* VertProt-Info.plist */,
				1C05FD55137A098A0035104F /* InfoPlist.strings */,
				1C05FD58137A098A0035104F /* VertProt-Prefix.pch */,
				1C05FD59137A098A0035104F /* main.m */,
			);
			name = "Supporting Files";
			sourceTree = "<group>";
		};
/* End PBXGroup section */

/* Begin PBXNativeTarget section */
		1C05FD47137A09890035104F /* VertProt */ = {
			isa = PBXNativeTarget;
			buildConfigurationList = 1C05FD6F137A098A0035104F /* Build configuration list for PBXNativeTarget "VertProt" */;
			buildPhases = (
				1C05FD44137A09890035104F /* Sources */,
				1C05FD45137A09890035104F /* Frameworks */,
				1C05FD46137A09890035104F /* Resources */,
			);
			buildRules = (
			);
			dependencies = (
			);
			name = VertProt;
			productName = VertProt;
			productReference = 1C05FD48137A098A0035104F /* VertProt.app */;
			productType = "com.apple.product-type.application";
		};
/* End PBXNativeTarget section */

/* Begin PBXProject section */
		1C05FD3F137A09890035104F /* Project object */ = {
			isa = PBXProject;
			buildConfigurationList = 1C05FD42137A09890035104F /* Build configuration list for PBXProject "VertProt" */;
			compatibilityVersion = "Xcode 3.2";
			developmentRegion = English;
			hasScannedForEncodings = 0;
			knownRegions = (
				en,
			);
			mainGroup = 1C05FD3D137A09890035104F;
			productRefGroup = 1C05FD49137A098A0035104F /* Products */;
			projectDirPath = "";
			projectRoot = "";
			targets = (
				1C05FD47137A09890035104F /* VertProt */,
			);
		};
/* End PBXProject section */

/* Begin PBXResourcesBuildPhase section */
		1C05FD46137A09890035104F /* Resources */ = {
			isa = PBXResourcesBuildPhase;
			buildActionMask = 2147483647;
			files = (
				1C05FD57137A098A0035104F /* InfoPlist.strings in Resources */,
				1C05FD60137A098A0035104F /* MainWindow.xib in Resources */,
				1C05FD69137A098A0035104F /* FirstView.xib in Resources */,
				1C05FD6C137A098A0035104F /* SecondView.xib in Resources */,
			);
			runOnlyForDeploymentPostprocessing = 0;
		};
/* End PBXResourcesBuildPhase section */

/* Begin PBXSourcesBuildPhase section */
		1C05FD44137A09890035104F /* Sources */ = {
			isa = PBXSourcesBuildPhase;
			buildActionMask = 2147483647;
			files = (
				1C05FD5A137A098A0035104F /* main.m in Sources */,
				1C05FD5D137A098A0035104F /* VertProtAppDelegate.m in Sources */,
				1C05FD66137A098A0035104F /* SecondViewController.m in Sources */,
				1C70E44E137A240D008FE193 /* Entity.m in Sources */,
				1C70E459137A26C9008FE193 /* Shape.m in Sources */,
				1C70E45C137A274B008FE193 /* CellView.m in Sources */,
				1C70E45F137A2A41008FE193 /* World.m in Sources */,
				1C8D75F0137B58A900D83DF2 /* Camera.m in Sources */,
				1C8D75F4137B5F2700D83DF2 /* GameViewController.m in Sources */,
				1C6A244F137DE863007667CC /* FirstViewController.m in Sources */,
				1C7F96B0137DEF780086A2D4 /* MemoryHound.m in Sources */,
			);
			runOnlyForDeploymentPostprocessing = 0;
		};
/* End PBXSourcesBuildPhase section */

/* Begin PBXVariantGroup section */
		1C05FD55137A098A0035104F /* InfoPlist.strings */ = {
			isa = PBXVariantGroup;
			children = (
				1C05FD56137A098A0035104F /* en */,
			);
			name = InfoPlist.strings;
			sourceTree = "<group>";
		};
		1C05FD5E137A098A0035104F /* MainWindow.xib */ = {
			isa = PBXVariantGroup;
			children = (
				1C05FD5F137A098A0035104F /* en */,
			);
			name = MainWindow.xib;
			sourceTree = "<group>";
		};
		1C05FD67137A098A0035104F /* FirstView.xib */ = {
			isa = PBXVariantGroup;
			children = (
				1C05FD68137A098A0035104F /* en */,
			);
			name = FirstView.xib;
			sourceTree = "<group>";
		};
		1C05FD6A137A098A0035104F /* SecondView.xib */ = {
			isa = PBXVariantGroup;
			children = (
				1C05FD6B137A098A0035104F /* en */,
			);
			name = SecondView.xib;
			sourceTree = "<group>";
		};
/* End PBXVariantGroup section */

/* Begin XCBuildConfiguration section */
		1C05FD6D137A098A0035104F /* Debug */ = {
			isa = XCBuildConfiguration;
			buildSettings = {
				ARCHS = "$(ARCHS_STANDARD_32_BIT)";
				"CODE_SIGN_IDENTITY[sdk=iphoneos*]" = "iPhone Developer";
				GCC_C_LANGUAGE_STANDARD = gnu99;
				GCC_OPTIMIZATION_LEVEL = 0;
				GCC_PREPROCESSOR_DEFINITIONS = DEBUG;
				GCC_SYMBOLS_PRIVATE_EXTERN = NO;
				GCC_VERSION = com.apple.compilers.llvmgcc42;
				GCC_WARN_ABOUT_RETURN_TYPE = YES;
				GCC_WARN_UNUSED_VARIABLE = YES;
				IPHONEOS_DEPLOYMENT_TARGET = 4.3;
				SDKROOT = iphoneos;
			};
			name = Debug;
		};
		1C05FD6E137A098A0035104F /* Release */ = {
			isa = XCBuildConfiguration;
			buildSettings = {
				ARCHS = "$(ARCHS_STANDARD_32_BIT)";
				"CODE_SIGN_IDENTITY[sdk=iphoneos*]" = "iPhone Developer";
				GCC_C_LANGUAGE_STANDARD = gnu99;
				GCC_VERSION = com.apple.compilers.llvmgcc42;
				GCC_WARN_ABOUT_RETURN_TYPE = YES;
				GCC_WARN_UNUSED_VARIABLE = YES;
				IPHONEOS_DEPLOYMENT_TARGET = 4.3;
				OTHER_CFLAGS = "-DNS_BLOCK_ASSERTIONS=1";
				SDKROOT = iphoneos;
			};
			name = Release;
		};
		1C05FD70137A098A0035104F /* Debug */ = {
			isa = XCBuildConfiguration;
			buildSettings = {
				ALWAYS_SEARCH_USER_PATHS = NO;
				COPY_PHASE_STRIP = NO;
				GCC_DYNAMIC_NO_PIC = NO;
				GCC_PRECOMPILE_PREFIX_HEADER = YES;
				GCC_PREFIX_HEADER = "VertProt/VertProt-Prefix.pch";
				INFOPLIST_FILE = "VertProt/VertProt-Info.plist";
				IPHONEOS_DEPLOYMENT_TARGET = 4.3;
				PRODUCT_NAME = "$(TARGET_NAME)";
				TARGETED_DEVICE_FAMILY = 1;
				WRAPPER_EXTENSION = app;
			};
			name = Debug;
		};
		1C05FD71137A098A0035104F /* Release */ = {
			isa = XCBuildConfiguration;
			buildSettings = {
				ALWAYS_SEARCH_USER_PATHS = NO;
				COPY_PHASE_STRIP = YES;
				GCC_PRECOMPILE_PREFIX_HEADER = YES;
				GCC_PREFIX_HEADER = "VertProt/VertProt-Prefix.pch";
				INFOPLIST_FILE = "VertProt/VertProt-Info.plist";
				IPHONEOS_DEPLOYMENT_TARGET = 4.3;
				PRODUCT_NAME = "$(TARGET_NAME)";
				TARGETED_DEVICE_FAMILY = 1;
				VALIDATE_PRODUCT = YES;
				WRAPPER_EXTENSION = app;
			};
			name = Release;
		};
/* End XCBuildConfiguration section */

/* Begin XCConfigurationList section */
		1C05FD42137A09890035104F /* Build configuration list for PBXProject "VertProt" */ = {
			isa = XCConfigurationList;
			buildConfigurations = (
				1C05FD6D137A098A0035104F /* Debug */,
				1C05FD6E137A098A0035104F /* Release */,
			);
			defaultConfigurationIsVisible = 0;
			defaultConfigurationName = Release;
		};
		1C05FD6F137A098A0035104F /* Build configuration list for PBXNativeTarget "VertProt" */ = {
			isa = XCConfigurationList;
			buildConfigurations = (
				1C05FD70137A098A0035104F /* Debug */,
				1C05FD71137A098A0035104F /* Release */,
			);
			defaultConfigurationIsVisible = 0;
			defaultConfigurationName = Release;
		};
/* End XCConfigurationList section */
	};
	rootObject = 1C05FD3F137A09890035104F /* Project object */;
}
